// !$*UTF8*$!
{
	archiveVersion = 1;
	classes = {
	};
	objectVersion = 56;
	objects = {

/* Begin PBXBuildFile section */
		52F9DB0E2AB85695004A7565 /* AppDelegate.swift in Sources */ = {isa = PBXBuildFile; fileRef = 52F9DB0D2AB85695004A7565 /* AppDelegate.swift */; };
		52F9DB102AB85695004A7565 /* SceneDelegate.swift in Sources */ = {isa = PBXBuildFile; fileRef = 52F9DB0F2AB85695004A7565 /* SceneDelegate.swift */; };
		52F9DB172AB85696004A7565 /* Assets.xcassets in Resources */ = {isa = PBXBuildFile; fileRef = 52F9DB162AB85696004A7565 /* Assets.xcassets */; };
		52F9DB1A2AB85696004A7565 /* LaunchScreen.storyboard in Resources */ = {isa = PBXBuildFile; fileRef = 52F9DB182AB85696004A7565 /* LaunchScreen.storyboard */; };
		52F9DB252AB884AA004A7565 /* PhotosViewController.swift in Sources */ = {isa = PBXBuildFile; fileRef = 52F9DB232AB884AA004A7565 /* PhotosViewController.swift */; };
		52F9DB262AB884AA004A7565 /* PhotosViewController.xib in Resources */ = {isa = PBXBuildFile; fileRef = 52F9DB242AB884AA004A7565 /* PhotosViewController.xib */; };
		52F9DB292AB884CE004A7565 /* StatsViewController.swift in Sources */ = {isa = PBXBuildFile; fileRef = 52F9DB272AB884CE004A7565 /* StatsViewController.swift */; };
		52F9DB2A2AB884CE004A7565 /* StatsViewController.xib in Resources */ = {isa = PBXBuildFile; fileRef = 52F9DB282AB884CE004A7565 /* StatsViewController.xib */; };
		52F9DB3B2AB8A34A004A7565 /* Coordinator.swift in Sources */ = {isa = PBXBuildFile; fileRef = 52F9DB3A2AB8A34A004A7565 /* Coordinator.swift */; };
		52F9DB3D2AB8A3E7004A7565 /* MainCoordinator.swift in Sources */ = {isa = PBXBuildFile; fileRef = 52F9DB3C2AB8A3E7004A7565 /* MainCoordinator.swift */; };
		52F9DB3F2AB8A50C004A7565 /* MainBaseCoordinator.swift in Sources */ = {isa = PBXBuildFile; fileRef = 52F9DB3E2AB8A50C004A7565 /* MainBaseCoordinator.swift */; };
		52F9DB412AB8A8D3004A7565 /* PhotosBaseCoordinator.swift in Sources */ = {isa = PBXBuildFile; fileRef = 52F9DB402AB8A8D3004A7565 /* PhotosBaseCoordinator.swift */; };
		52F9DB432AB8A8F2004A7565 /* PhotosCoordinator.swift in Sources */ = {isa = PBXBuildFile; fileRef = 52F9DB422AB8A8F2004A7565 /* PhotosCoordinator.swift */; };
		52F9DB452AB8AABA004A7565 /* StatsBaseCoordinator.swift in Sources */ = {isa = PBXBuildFile; fileRef = 52F9DB442AB8AABA004A7565 /* StatsBaseCoordinator.swift */; };
		52F9DB472AB8AAD7004A7565 /* StatsCoordinator.swift in Sources */ = {isa = PBXBuildFile; fileRef = 52F9DB462AB8AAD7004A7565 /* StatsCoordinator.swift */; };
		52F9DB4B2AB8AB97004A7565 /* DeepLinkCoordinator.swift in Sources */ = {isa = PBXBuildFile; fileRef = 52F9DB4A2AB8AB97004A7565 /* DeepLinkCoordinator.swift */; };
		52F9DB4D2AB8DFD8004A7565 /* DeepLinkBaseCoordinator.swift in Sources */ = {isa = PBXBuildFile; fileRef = 52F9DB4C2AB8DFD8004A7565 /* DeepLinkBaseCoordinator.swift */; };
/* End PBXBuildFile section */

/* Begin PBXFileReference section */
		52F9DB0A2AB85695004A7565 /* photo-app.app */ = {isa = PBXFileReference; explicitFileType = wrapper.application; includeInIndex = 0; path = "photo-app.app"; sourceTree = BUILT_PRODUCTS_DIR; };
		52F9DB0D2AB85695004A7565 /* AppDelegate.swift */ = {isa = PBXFileReference; lastKnownFileType = sourcecode.swift; path = AppDelegate.swift; sourceTree = "<group>"; };
		52F9DB0F2AB85695004A7565 /* SceneDelegate.swift */ = {isa = PBXFileReference; lastKnownFileType = sourcecode.swift; path = SceneDelegate.swift; sourceTree = "<group>"; };
		52F9DB162AB85696004A7565 /* Assets.xcassets */ = {isa = PBXFileReference; lastKnownFileType = folder.assetcatalog; path = Assets.xcassets; sourceTree = "<group>"; };
		52F9DB192AB85696004A7565 /* Base */ = {isa = PBXFileReference; lastKnownFileType = file.storyboard; name = Base; path = Base.lproj/LaunchScreen.storyboard; sourceTree = "<group>"; };
		52F9DB1B2AB85696004A7565 /* Info.plist */ = {isa = PBXFileReference; lastKnownFileType = text.plist.xml; path = Info.plist; sourceTree = "<group>"; };
		52F9DB232AB884AA004A7565 /* PhotosViewController.swift */ = {isa = PBXFileReference; lastKnownFileType = sourcecode.swift; path = PhotosViewController.swift; sourceTree = "<group>"; };
		52F9DB242AB884AA004A7565 /* PhotosViewController.xib */ = {isa = PBXFileReference; lastKnownFileType = file.xib; path = PhotosViewController.xib; sourceTree = "<group>"; };
		52F9DB272AB884CE004A7565 /* StatsViewController.swift */ = {isa = PBXFileReference; lastKnownFileType = sourcecode.swift; path = StatsViewController.swift; sourceTree = "<group>"; };
		52F9DB282AB884CE004A7565 /* StatsViewController.xib */ = {isa = PBXFileReference; lastKnownFileType = file.xib; path = StatsViewController.xib; sourceTree = "<group>"; };
		52F9DB3A2AB8A34A004A7565 /* Coordinator.swift */ = {isa = PBXFileReference; lastKnownFileType = sourcecode.swift; path = Coordinator.swift; sourceTree = "<group>"; };
		52F9DB3C2AB8A3E7004A7565 /* MainCoordinator.swift */ = {isa = PBXFileReference; lastKnownFileType = sourcecode.swift; path = MainCoordinator.swift; sourceTree = "<group>"; };
		52F9DB3E2AB8A50C004A7565 /* MainBaseCoordinator.swift */ = {isa = PBXFileReference; lastKnownFileType = sourcecode.swift; path = MainBaseCoordinator.swift; sourceTree = "<group>"; };
		52F9DB402AB8A8D3004A7565 /* PhotosBaseCoordinator.swift */ = {isa = PBXFileReference; lastKnownFileType = sourcecode.swift; path = PhotosBaseCoordinator.swift; sourceTree = "<group>"; };
		52F9DB422AB8A8F2004A7565 /* PhotosCoordinator.swift */ = {isa = PBXFileReference; lastKnownFileType = sourcecode.swift; path = PhotosCoordinator.swift; sourceTree = "<group>"; };
		52F9DB442AB8AABA004A7565 /* StatsBaseCoordinator.swift */ = {isa = PBXFileReference; lastKnownFileType = sourcecode.swift; path = StatsBaseCoordinator.swift; sourceTree = "<group>"; };
		52F9DB462AB8AAD7004A7565 /* StatsCoordinator.swift */ = {isa = PBXFileReference; lastKnownFileType = sourcecode.swift; path = StatsCoordinator.swift; sourceTree = "<group>"; };
		52F9DB4A2AB8AB97004A7565 /* DeepLinkCoordinator.swift */ = {isa = PBXFileReference; lastKnownFileType = sourcecode.swift; path = DeepLinkCoordinator.swift; sourceTree = "<group>"; };
		52F9DB4C2AB8DFD8004A7565 /* DeepLinkBaseCoordinator.swift */ = {isa = PBXFileReference; fileEncoding = 4; lastKnownFileType = sourcecode.swift; path = DeepLinkBaseCoordinator.swift; sourceTree = "<group>"; };
/* End PBXFileReference section */

/* Begin PBXFrameworksBuildPhase section */
		52F9DB072AB85695004A7565 /* Frameworks */ = {
			isa = PBXFrameworksBuildPhase;
			buildActionMask = 2147483647;
			files = (
			);
			runOnlyForDeploymentPostprocessing = 0;
		};
/* End PBXFrameworksBuildPhase section */

/* Begin PBXGroup section */
		52F9DB012AB85695004A7565 = {
			isa = PBXGroup;
			children = (
				52F9DB0C2AB85695004A7565 /* photo-app */,
				52F9DB0B2AB85695004A7565 /* Products */,
			);
			sourceTree = "<group>";
		};
		52F9DB0B2AB85695004A7565 /* Products */ = {
			isa = PBXGroup;
			children = (
				52F9DB0A2AB85695004A7565 /* photo-app.app */,
			);
			name = Products;
			sourceTree = "<group>";
		};
		52F9DB0C2AB85695004A7565 /* photo-app */ = {
			isa = PBXGroup;
			children = (
				52F9DB0D2AB85695004A7565 /* AppDelegate.swift */,
				52F9DB0F2AB85695004A7565 /* SceneDelegate.swift */,
				52F9DB322AB89FE1004A7565 /* Photos */,
				52F9DB332AB89FEB004A7565 /* Stats */,
				52F9DB312AB89FC2004A7565 /* Coordinator */,
				52F9DB1B2AB85696004A7565 /* Info.plist */,
				52F9DB182AB85696004A7565 /* LaunchScreen.storyboard */,
				52F9DB162AB85696004A7565 /* Assets.xcassets */,
			);
			path = "photo-app";
			sourceTree = "<group>";
		};
		52F9DB312AB89FC2004A7565 /* Coordinator */ = {
			isa = PBXGroup;
			children = (
				52F9DB3A2AB8A34A004A7565 /* Coordinator.swift */,
				52F9DB3E2AB8A50C004A7565 /* MainBaseCoordinator.swift */,
				52F9DB4C2AB8DFD8004A7565 /* DeepLinkBaseCoordinator.swift */,
				52F9DB4A2AB8AB97004A7565 /* DeepLinkCoordinator.swift */,
				52F9DB3C2AB8A3E7004A7565 /* MainCoordinator.swift */,
			);
			path = Coordinator;
			sourceTree = "<group>";
		};
		52F9DB322AB89FE1004A7565 /* Photos */ = {
			isa = PBXGroup;
			children = (
				52F9DB382AB8A297004A7565 /* Coordinator */,
				52F9DB342AB89FFC004A7565 /* Controllers */,
				52F9DB362AB8A025004A7565 /* Views */,
			);
			path = Photos;
			sourceTree = "<group>";
		};
		52F9DB332AB89FEB004A7565 /* Stats */ = {
			isa = PBXGroup;
			children = (
				52F9DB392AB8A2DF004A7565 /* Coordinator */,
				52F9DB352AB8A012004A7565 /* Controllers */,
				52F9DB372AB8A031004A7565 /* Views */,
			);
			path = Stats;
			sourceTree = "<group>";
		};
		52F9DB342AB89FFC004A7565 /* Controllers */ = {
			isa = PBXGroup;
			children = (
				52F9DB232AB884AA004A7565 /* PhotosViewController.swift */,
			);
			path = Controllers;
			sourceTree = "<group>";
		};
		52F9DB352AB8A012004A7565 /* Controllers */ = {
			isa = PBXGroup;
			children = (
				52F9DB272AB884CE004A7565 /* StatsViewController.swift */,
			);
			path = Controllers;
			sourceTree = "<group>";
		};
		52F9DB362AB8A025004A7565 /* Views */ = {
			isa = PBXGroup;
			children = (
				52F9DB242AB884AA004A7565 /* PhotosViewController.xib */,
			);
			path = Views;
			sourceTree = "<group>";
		};
		52F9DB372AB8A031004A7565 /* Views */ = {
			isa = PBXGroup;
			children = (
				52F9DB282AB884CE004A7565 /* StatsViewController.xib */,
			);
			path = Views;
			sourceTree = "<group>";
		};
		52F9DB382AB8A297004A7565 /* Coordinator */ = {
			isa = PBXGroup;
			children = (
				52F9DB402AB8A8D3004A7565 /* PhotosBaseCoordinator.swift */,
				52F9DB422AB8A8F2004A7565 /* PhotosCoordinator.swift */,
			);
			path = Coordinator;
			sourceTree = "<group>";
		};
		52F9DB392AB8A2DF004A7565 /* Coordinator */ = {
			isa = PBXGroup;
			children = (
				52F9DB442AB8AABA004A7565 /* StatsBaseCoordinator.swift */,
				52F9DB462AB8AAD7004A7565 /* StatsCoordinator.swift */,
			);
			path = Coordinator;
			sourceTree = "<group>";
		};
/* End PBXGroup section */

/* Begin PBXNativeTarget section */
		52F9DB092AB85695004A7565 /* photo-app */ = {
			isa = PBXNativeTarget;
			buildConfigurationList = 52F9DB1E2AB85696004A7565 /* Build configuration list for PBXNativeTarget "photo-app" */;
			buildPhases = (
				52F9DB062AB85695004A7565 /* Sources */,
				52F9DB072AB85695004A7565 /* Frameworks */,
				52F9DB082AB85695004A7565 /* Resources */,
			);
			buildRules = (
			);
			dependencies = (
			);
			name = "photo-app";
			productName = "photo-app";
			productReference = 52F9DB0A2AB85695004A7565 /* photo-app.app */;
			productType = "com.apple.product-type.application";
		};
/* End PBXNativeTarget section */

/* Begin PBXProject section */
		52F9DB022AB85695004A7565 /* Project object */ = {
			isa = PBXProject;
			attributes = {
				BuildIndependentTargetsInParallel = 1;
				LastSwiftUpdateCheck = 1430;
				LastUpgradeCheck = 1430;
				TargetAttributes = {
					52F9DB092AB85695004A7565 = {
						CreatedOnToolsVersion = 14.3.1;
					};
				};
			};
			buildConfigurationList = 52F9DB052AB85695004A7565 /* Build configuration list for PBXProject "photo-app" */;
			compatibilityVersion = "Xcode 14.0";
			developmentRegion = en;
			hasScannedForEncodings = 0;
			knownRegions = (
				en,
				Base,
			);
			mainGroup = 52F9DB012AB85695004A7565;
			productRefGroup = 52F9DB0B2AB85695004A7565 /* Products */;
			projectDirPath = "";
			projectRoot = "";
			targets = (
				52F9DB092AB85695004A7565 /* photo-app */,
			);
		};
/* End PBXProject section */

/* Begin PBXResourcesBuildPhase section */
		52F9DB082AB85695004A7565 /* Resources */ = {
			isa = PBXResourcesBuildPhase;
			buildActionMask = 2147483647;
			files = (
				52F9DB262AB884AA004A7565 /* PhotosViewController.xib in Resources */,
				52F9DB1A2AB85696004A7565 /* LaunchScreen.storyboard in Resources */,
				52F9DB2A2AB884CE004A7565 /* StatsViewController.xib in Resources */,
				52F9DB172AB85696004A7565 /* Assets.xcassets in Resources */,
			);
			runOnlyForDeploymentPostprocessing = 0;
		};
/* End PBXResourcesBuildPhase section */

/* Begin PBXSourcesBuildPhase section */
		52F9DB062AB85695004A7565 /* Sources */ = {
			isa = PBXSourcesBuildPhase;
			buildActionMask = 2147483647;
			files = (
				52F9DB4B2AB8AB97004A7565 /* DeepLinkCoordinator.swift in Sources */,
				52F9DB472AB8AAD7004A7565 /* StatsCoordinator.swift in Sources */,
				52F9DB3F2AB8A50C004A7565 /* MainBaseCoordinator.swift in Sources */,
				52F9DB4D2AB8DFD8004A7565 /* DeepLinkBaseCoordinator.swift in Sources */,
				52F9DB452AB8AABA004A7565 /* StatsBaseCoordinator.swift in Sources */,
				52F9DB412AB8A8D3004A7565 /* PhotosBaseCoordinator.swift in Sources */,
				52F9DB3D2AB8A3E7004A7565 /* MainCoordinator.swift in Sources */,
				52F9DB0E2AB85695004A7565 /* AppDelegate.swift in Sources */,
				52F9DB432AB8A8F2004A7565 /* PhotosCoordinator.swift in Sources */,
				52F9DB3B2AB8A34A004A7565 /* Coordinator.swift in Sources */,
				52F9DB102AB85695004A7565 /* SceneDelegate.swift in Sources */,
				52F9DB292AB884CE004A7565 /* StatsViewController.swift in Sources */,
				52F9DB252AB884AA004A7565 /* PhotosViewController.swift in Sources */,
			);
			runOnlyForDeploymentPostprocessing = 0;
		};
/* End PBXSourcesBuildPhase section */

/* Begin PBXVariantGroup section */
		52F9DB182AB85696004A7565 /* LaunchScreen.storyboard */ = {
			isa = PBXVariantGroup;
			children = (
				52F9DB192AB85696004A7565 /* Base */,
			);
			name = LaunchScreen.storyboard;
			sourceTree = "<group>";
		};
/* End PBXVariantGroup section */

/* Begin XCBuildConfiguration section */
		52F9DB1C2AB85696004A7565 /* Debug */ = {
			isa = XCBuildConfiguration;
			buildSettings = {
				ALWAYS_SEARCH_USER_PATHS = NO;
				CLANG_ANALYZER_NONNULL = YES;
				CLANG_ANALYZER_NUMBER_OBJECT_CONVERSION = YES_AGGRESSIVE;
				CLANG_CXX_LANGUAGE_STANDARD = "gnu++20";
				CLANG_ENABLE_MODULES = YES;
				CLANG_ENABLE_OBJC_ARC = YES;
				CLANG_ENABLE_OBJC_WEAK = YES;
				CLANG_WARN_BLOCK_CAPTURE_AUTORELEASING = YES;
				CLANG_WARN_BOOL_CONVERSION = YES;
				CLANG_WARN_COMMA = YES;
				CLANG_WARN_CONSTANT_CONVERSION = YES;
				CLANG_WARN_DEPRECATED_OBJC_IMPLEMENTATIONS = YES;
				CLANG_WARN_DIRECT_OBJC_ISA_USAGE = YES_ERROR;
				CLANG_WARN_DOCUMENTATION_COMMENTS = YES;
				CLANG_WARN_EMPTY_BODY = YES;
				CLANG_WARN_ENUM_CONVERSION = YES;
				CLANG_WARN_INFINITE_RECURSION = YES;
				CLANG_WARN_INT_CONVERSION = YES;
				CLANG_WARN_NON_LITERAL_NULL_CONVERSION = YES;
				CLANG_WARN_OBJC_IMPLICIT_RETAIN_SELF = YES;
				CLANG_WARN_OBJC_LITERAL_CONVERSION = YES;
				CLANG_WARN_OBJC_ROOT_CLASS = YES_ERROR;
				CLANG_WARN_QUOTED_INCLUDE_IN_FRAMEWORK_HEADER = YES;
				CLANG_WARN_RANGE_LOOP_ANALYSIS = YES;
				CLANG_WARN_STRICT_PROTOTYPES = YES;
				CLANG_WARN_SUSPICIOUS_MOVE = YES;
				CLANG_WARN_UNGUARDED_AVAILABILITY = YES_AGGRESSIVE;
				CLANG_WARN_UNREACHABLE_CODE = YES;
				CLANG_WARN__DUPLICATE_METHOD_MATCH = YES;
				COPY_PHASE_STRIP = NO;
				DEBUG_INFORMATION_FORMAT = dwarf;
				ENABLE_STRICT_OBJC_MSGSEND = YES;
				ENABLE_TESTABILITY = YES;
				GCC_C_LANGUAGE_STANDARD = gnu11;
				GCC_DYNAMIC_NO_PIC = NO;
				GCC_NO_COMMON_BLOCKS = YES;
				GCC_OPTIMIZATION_LEVEL = 0;
				GCC_PREPROCESSOR_DEFINITIONS = (
					"DEBUG=1",
					"$(inherited)",
				);
				GCC_WARN_64_TO_32_BIT_CONVERSION = YES;
				GCC_WARN_ABOUT_RETURN_TYPE = YES_ERROR;
				GCC_WARN_UNDECLARED_SELECTOR = YES;
				GCC_WARN_UNINITIALIZED_AUTOS = YES_AGGRESSIVE;
				GCC_WARN_UNUSED_FUNCTION = YES;
				GCC_WARN_UNUSED_VARIABLE = YES;
				IPHONEOS_DEPLOYMENT_TARGET = 16.4;
				MTL_ENABLE_DEBUG_INFO = INCLUDE_SOURCE;
				MTL_FAST_MATH = YES;
				ONLY_ACTIVE_ARCH = YES;
				SDKROOT = iphoneos;
				SWIFT_ACTIVE_COMPILATION_CONDITIONS = DEBUG;
				SWIFT_OPTIMIZATION_LEVEL = "-Onone";
			};
			name = Debug;
		};
		52F9DB1D2AB85696004A7565 /* Release */ = {
			isa = XCBuildConfiguration;
			buildSettings = {
				ALWAYS_SEARCH_USER_PATHS = NO;
				CLANG_ANALYZER_NONNULL = YES;
				CLANG_ANALYZER_NUMBER_OBJECT_CONVERSION = YES_AGGRESSIVE;
				CLANG_CXX_LANGUAGE_STANDARD = "gnu++20";
				CLANG_ENABLE_MODULES = YES;
				CLANG_ENABLE_OBJC_ARC = YES;
				CLANG_ENABLE_OBJC_WEAK = YES;
				CLANG_WARN_BLOCK_CAPTURE_AUTORELEASING = YES;
				CLANG_WARN_BOOL_CONVERSION = YES;
				CLANG_WARN_COMMA = YES;
				CLANG_WARN_CONSTANT_CONVERSION = YES;
				CLANG_WARN_DEPRECATED_OBJC_IMPLEMENTATIONS = YES;
				CLANG_WARN_DIRECT_OBJC_ISA_USAGE = YES_ERROR;
				CLANG_WARN_DOCUMENTATION_COMMENTS = YES;
				CLANG_WARN_EMPTY_BODY = YES;
				CLANG_WARN_ENUM_CONVERSION = YES;
				CLANG_WARN_INFINITE_RECURSION = YES;
				CLANG_WARN_INT_CONVERSION = YES;
				CLANG_WARN_NON_LITERAL_NULL_CONVERSION = YES;
				CLANG_WARN_OBJC_IMPLICIT_RETAIN_SELF = YES;
				CLANG_WARN_OBJC_LITERAL_CONVERSION = YES;
				CLANG_WARN_OBJC_ROOT_CLASS = YES_ERROR;
				CLANG_WARN_QUOTED_INCLUDE_IN_FRAMEWORK_HEADER = YES;
				CLANG_WARN_RANGE_LOOP_ANALYSIS = YES;
				CLANG_WARN_STRICT_PROTOTYPES = YES;
				CLANG_WARN_SUSPICIOUS_MOVE = YES;
				CLANG_WARN_UNGUARDED_AVAILABILITY = YES_AGGRESSIVE;
				CLANG_WARN_UNREACHABLE_CODE = YES;
				CLANG_WARN__DUPLICATE_METHOD_MATCH = YES;
				COPY_PHASE_STRIP = NO;
				DEBUG_INFORMATION_FORMAT = "dwarf-with-dsym";
				ENABLE_NS_ASSERTIONS = NO;
				ENABLE_STRICT_OBJC_MSGSEND = YES;
				GCC_C_LANGUAGE_STANDARD = gnu11;
				GCC_NO_COMMON_BLOCKS = YES;
				GCC_WARN_64_TO_32_BIT_CONVERSION = YES;
				GCC_WARN_ABOUT_RETURN_TYPE = YES_ERROR;
				GCC_WARN_UNDECLARED_SELECTOR = YES;
				GCC_WARN_UNINITIALIZED_AUTOS = YES_AGGRESSIVE;
				GCC_WARN_UNUSED_FUNCTION = YES;
				GCC_WARN_UNUSED_VARIABLE = YES;
				IPHONEOS_DEPLOYMENT_TARGET = 16.4;
				MTL_ENABLE_DEBUG_INFO = NO;
				MTL_FAST_MATH = YES;
				SDKROOT = iphoneos;
				SWIFT_COMPILATION_MODE = wholemodule;
				SWIFT_OPTIMIZATION_LEVEL = "-O";
				VALIDATE_PRODUCT = YES;
			};
			name = Release;
		};
		52F9DB1F2AB85696004A7565 /* Debug */ = {
			isa = XCBuildConfiguration;
			buildSettings = {
				ASSETCATALOG_COMPILER_APPICON_NAME = AppIcon;
				ASSETCATALOG_COMPILER_GLOBAL_ACCENT_COLOR_NAME = AccentColor;
				CODE_SIGN_STYLE = Automatic;
				CURRENT_PROJECT_VERSION = 1;
				DEVELOPMENT_TEAM = F639597UZK;
				GENERATE_INFOPLIST_FILE = YES;
				INFOPLIST_FILE = "photo-app/Info.plist";
				INFOPLIST_KEY_UIApplicationSupportsIndirectInputEvents = YES;
				INFOPLIST_KEY_UILaunchStoryboardName = LaunchScreen;
				INFOPLIST_KEY_UISupportedInterfaceOrientations_iPad = "UIInterfaceOrientationPortrait UIInterfaceOrientationPortraitUpsideDown UIInterfaceOrientationLandscapeLeft UIInterfaceOrientationLandscapeRight";
				INFOPLIST_KEY_UISupportedInterfaceOrientations_iPhone = "UIInterfaceOrientationPortrait UIInterfaceOrientationLandscapeLeft UIInterfaceOrientationLandscapeRight";
				LD_RUNPATH_SEARCH_PATHS = (
					"$(inherited)",
					"@executable_path/Frameworks",
				);
				MARKETING_VERSION = 1.0;
				PRODUCT_BUNDLE_IDENTIFIER = "com.marcoagizza.photo-app";
				PRODUCT_NAME = "$(TARGET_NAME)";
				SWIFT_EMIT_LOC_STRINGS = YES;
				SWIFT_VERSION = 5.0;
				TARGETED_DEVICE_FAMILY = "1,2";
			};
			name = Debug;
		};
		52F9DB202AB85696004A7565 /* Release */ = {
			isa = XCBuildConfiguration;
			buildSettings = {
				ASSETCATALOG_COMPILER_APPICON_NAME = AppIcon;
				ASSETCATALOG_COMPILER_GLOBAL_ACCENT_COLOR_NAME = AccentColor;
				CODE_SIGN_STYLE = Automatic;
				CURRENT_PROJECT_VERSION = 1;
				DEVELOPMENT_TEAM = F639597UZK;
				GENERATE_INFOPLIST_FILE = YES;
				INFOPLIST_FILE = "photo-app/Info.plist";
				INFOPLIST_KEY_UIApplicationSupportsIndirectInputEvents = YES;
				INFOPLIST_KEY_UILaunchStoryboardName = LaunchScreen;
				INFOPLIST_KEY_UISupportedInterfaceOrientations_iPad = "UIInterfaceOrientationPortrait UIInterfaceOrientationPortraitUpsideDown UIInterfaceOrientationLandscapeLeft UIInterfaceOrientationLandscapeRight";
				INFOPLIST_KEY_UISupportedInterfaceOrientations_iPhone = "UIInterfaceOrientationPortrait UIInterfaceOrientationLandscapeLeft UIInterfaceOrientationLandscapeRight";
				LD_RUNPATH_SEARCH_PATHS = (
					"$(inherited)",
					"@executable_path/Frameworks",
				);
				MARKETING_VERSION = 1.0;
				PRODUCT_BUNDLE_IDENTIFIER = "com.marcoagizza.photo-app";
				PRODUCT_NAME = "$(TARGET_NAME)";
				SWIFT_EMIT_LOC_STRINGS = YES;
				SWIFT_VERSION = 5.0;
				TARGETED_DEVICE_FAMILY = "1,2";
			};
			name = Release;
		};
/* End XCBuildConfiguration section */

/* Begin XCConfigurationList section */
		52F9DB052AB85695004A7565 /* Build configuration list for PBXProject "photo-app" */ = {
			isa = XCConfigurationList;
			buildConfigurations = (
				52F9DB1C2AB85696004A7565 /* Debug */,
				52F9DB1D2AB85696004A7565 /* Release */,
			);
			defaultConfigurationIsVisible = 0;
			defaultConfigurationName = Release;
		};
		52F9DB1E2AB85696004A7565 /* Build configuration list for PBXNativeTarget "photo-app" */ = {
			isa = XCConfigurationList;
			buildConfigurations = (
				52F9DB1F2AB85696004A7565 /* Debug */,
				52F9DB202AB85696004A7565 /* Release */,
			);
			defaultConfigurationIsVisible = 0;
			defaultConfigurationName = Release;
		};
/* End XCConfigurationList section */
	};
	rootObject = 52F9DB022AB85695004A7565 /* Project object */;
}
